
Microsoft Visual Studio Solution File, Format Version 12.00
# Visual Studio Version 16
VisualStudioVersion = 16.0.30114.105
MinimumVisualStudioVersion = 10.0.40219.1
Project("{FAE04EC0-301F-11D3-BF4B-00C04F79EFBC}") = "Domain", "Domain\Domain.csproj", "{973B03F2-2E4B-4953-A422-A7C988B9B6D8}"
EndProject
Project("{FAE04EC0-301F-11D3-BF4B-00C04F79EFBC}") = "Application", "Application\Application.csproj", "{31B1D6BB-183E-43D9-8F90-04ADC5D8AF68}"
EndProject
Project("{FAE04EC0-301F-11D3-BF4B-00C04F79EFBC}") = "Persistence", "Persistence\Persistence.csproj", "{01F2F34F-587B-4A70-972D-4291F09CC6C7}"
EndProject
Project("{FAE04EC0-301F-11D3-BF4B-00C04F79EFBC}") = "API", "API\API.csproj", "{6398CA4A-2CBE-4F85-9F0B-B6DB0D1C7883}"
EndProject
Global
	GlobalSection(SolutionConfigurationPlatforms) = preSolution
		Debug|Any CPU = Debug|Any CPU
		Release|Any CPU = Release|Any CPU
	EndGlobalSection
	GlobalSection(SolutionProperties) = preSolution
		HideSolutionNode = FALSE
	EndGlobalSection
	GlobalSection(ProjectConfigurationPlatforms) = postSolution
		{973B03F2-2E4B-4953-A422-A7C988B9B6D8}.Debug|Any CPU.ActiveCfg = Debug|Any CPU
		{973B03F2-2E4B-4953-A422-A7C988B9B6D8}.Debug|Any CPU.Build.0 = Debug|Any CPU
		{973B03F2-2E4B-4953-A422-A7C988B9B6D8}.Release|Any CPU.ActiveCfg = Release|Any CPU
		{973B03F2-2E4B-4953-A422-A7C988B9B6D8}.Release|Any CPU.Build.0 = Release|Any CPU
		{31B1D6BB-183E-43D9-8F90-04ADC5D8AF68}.Debug|Any CPU.ActiveCfg = Debug|Any CPU
		{31B1D6BB-183E-43D9-8F90-04ADC5D8AF68}.Debug|Any CPU.Build.0 = Debug|Any CPU
		{31B1D6BB-183E-43D9-8F90-04ADC5D8AF68}.Release|Any CPU.ActiveCfg = Release|Any CPU
		{31B1D6BB-183E-43D9-8F90-04ADC5D8AF68}.Release|Any CPU.Build.0 = Release|Any CPU
		{01F2F34F-587B-4A70-972D-4291F09CC6C7}.Debug|Any CPU.ActiveCfg = Debug|Any CPU
		{01F2F34F-587B-4A70-972D-4291F09CC6C7}.Debug|Any CPU.Build.0 = Debug|Any CPU
		{01F2F34F-587B-4A70-972D-4291F09CC6C7}.Release|Any CPU.ActiveCfg = Release|Any CPU
		{01F2F34F-587B-4A70-972D-4291F09CC6C7}.Release|Any CPU.Build.0 = Release|Any CPU
		{6398CA4A-2CBE-4F85-9F0B-B6DB0D1C7883}.Debug|Any CPU.ActiveCfg = Debug|Any CPU
		{6398CA4A-2CBE-4F85-9F0B-B6DB0D1C7883}.Debug|Any CPU.Build.0 = Debug|Any CPU
		{6398CA4A-2CBE-4F85-9F0B-B6DB0D1C7883}.Release|Any CPU.ActiveCfg = Release|Any CPU
		{6398CA4A-2CBE-4F85-9F0B-B6DB0D1C7883}.Release|Any CPU.Build.0 = Release|Any CPU
	EndGlobalSection
EndGlobal
